
Microsoft Visual Studio Solution File, Format Version 12.00
# Visual Studio Version 16
VisualStudioVersion = 16.0.30002.166
MinimumVisualStudioVersion = 10.0.40219.1
Project("{9A19103F-16F7-4668-BE54-9A1E7A4F7556}") = "StoryBuckets.Server", "StoryBuckets\Server\StoryBuckets.Server.csproj", "{FFC32906-603F-4C15-9EFD-5832C41B3E38}"
EndProject
Project("{9A19103F-16F7-4668-BE54-9A1E7A4F7556}") = "StoryBuckets.Client", "StoryBuckets\Client\StoryBuckets.Client.csproj", "{3CE3D25C-0100-45FD-B965-EE17E1850BE9}"
EndProject
Project("{9A19103F-16F7-4668-BE54-9A1E7A4F7556}") = "StoryBuckets.Shared", "StoryBuckets\Shared\StoryBuckets.Shared.csproj", "{0D430DAA-2ECE-417C-874B-C037EBA27541}"
EndProject
Project("{9A19103F-16F7-4668-BE54-9A1E7A4F7556}") = "StoryBuckets.Client.Tests", "StoryBuckets\ClientTests\StoryBuckets.Client.Tests.csproj", "{25B5F93C-DC3D-457B-9718-AF2F3715AABF}"
EndProject
Project("{9A19103F-16F7-4668-BE54-9A1E7A4F7556}") = "StoryBuckets.Shared.Tests", "StoryBuckets\StoryBuckets.SharedTests\StoryBuckets.Shared.Tests.csproj", "{F7873B6D-7C37-4165-B474-8E24ED3ECE01}"
EndProject
Project("{9A19103F-16F7-4668-BE54-9A1E7A4F7556}") = "StoryBuckets.Server.Tests", "StoryBuckets\StoryBuckets.ServerTests\StoryBuckets.Server.Tests.csproj", "{3C7620A6-BF38-4C2F-BC3D-99B613BC8C13}"
EndProject
Project("{9A19103F-16F7-4668-BE54-9A1E7A4F7556}") = "StoryBuckets.Integrations", "Integrations\StoryBuckets.Integrations.csproj", "{43118597-434F-4EB5-B71B-8AB78EA503EB}"
EndProject
Project("{9A19103F-16F7-4668-BE54-9A1E7A4F7556}") = "StoryBuckets.DataStores", "DataStores\StoryBuckets.DataStores.csproj", "{F565CB9F-986F-42BC-9955-F0FE6A6C2BFB}"
EndProject
Project("{9A19103F-16F7-4668-BE54-9A1E7A4F7556}") = "StoryBuckets.DataStores.Tests", "StoryBuckets.DataStoresTests\StoryBuckets.DataStores.Tests.csproj", "{82CC0A9C-BB9D-4E10-96DF-19D37E1F663E}"
EndProject
Project("{9A19103F-16F7-4668-BE54-9A1E7A4F7556}") = "StoryBuckets.Services", "Services\StoryBuckets.Services.csproj", "{544B1138-C819-41CA-AE16-545D7601F4F6}"
EndProject
Project("{9A19103F-16F7-4668-BE54-9A1E7A4F7556}") = "StoryBuckets.Services.Tests", "StoryBuckets.Services.Tests\StoryBuckets.Services.Tests.csproj", "{396118BC-6BEB-4F22-9BF0-5DC0A958D61E}"
EndProject
Project("{FAE04EC0-301F-11D3-BF4B-00C04F79EFBC}") = "Utils", "Utils\Utils.csproj", "{C6DC2FFD-7169-432C-81F3-83362E9F0874}"
EndProject
Project("{FAE04EC0-301F-11D3-BF4B-00C04F79EFBC}") = "StoryBuckets.Integrations.Tests", "StoryBuckets.Integrations.Tests\StoryBuckets.Integrations.Tests.csproj", "{22CDC347-2341-4DDB-B4A3-8C669610ACB6}"
EndProject
Global
	GlobalSection(SolutionConfigurationPlatforms) = preSolution
		Debug|Any CPU = Debug|Any CPU
		Release|Any CPU = Release|Any CPU
	EndGlobalSection
	GlobalSection(ProjectConfigurationPlatforms) = postSolution
		{FFC32906-603F-4C15-9EFD-5832C41B3E38}.Debug|Any CPU.ActiveCfg = Debug|Any CPU
		{FFC32906-603F-4C15-9EFD-5832C41B3E38}.Debug|Any CPU.Build.0 = Debug|Any CPU
		{FFC32906-603F-4C15-9EFD-5832C41B3E38}.Release|Any CPU.ActiveCfg = Release|Any CPU
		{FFC32906-603F-4C15-9EFD-5832C41B3E38}.Release|Any CPU.Build.0 = Release|Any CPU
		{3CE3D25C-0100-45FD-B965-EE17E1850BE9}.Debug|Any CPU.ActiveCfg = Debug|Any CPU
		{3CE3D25C-0100-45FD-B965-EE17E1850BE9}.Debug|Any CPU.Build.0 = Debug|Any CPU
		{3CE3D25C-0100-45FD-B965-EE17E1850BE9}.Release|Any CPU.ActiveCfg = Release|Any CPU
		{3CE3D25C-0100-45FD-B965-EE17E1850BE9}.Release|Any CPU.Build.0 = Release|Any CPU
		{0D430DAA-2ECE-417C-874B-C037EBA27541}.Debug|Any CPU.ActiveCfg = Debug|Any CPU
		{0D430DAA-2ECE-417C-874B-C037EBA27541}.Debug|Any CPU.Build.0 = Debug|Any CPU
		{0D430DAA-2ECE-417C-874B-C037EBA27541}.Release|Any CPU.ActiveCfg = Release|Any CPU
		{0D430DAA-2ECE-417C-874B-C037EBA27541}.Release|Any CPU.Build.0 = Release|Any CPU
		{25B5F93C-DC3D-457B-9718-AF2F3715AABF}.Debug|Any CPU.ActiveCfg = Debug|Any CPU
		{25B5F93C-DC3D-457B-9718-AF2F3715AABF}.Debug|Any CPU.Build.0 = Debug|Any CPU
		{25B5F93C-DC3D-457B-9718-AF2F3715AABF}.Release|Any CPU.ActiveCfg = Release|Any CPU
		{25B5F93C-DC3D-457B-9718-AF2F3715AABF}.Release|Any CPU.Build.0 = Release|Any CPU
		{F7873B6D-7C37-4165-B474-8E24ED3ECE01}.Debug|Any CPU.ActiveCfg = Debug|Any CPU
		{F7873B6D-7C37-4165-B474-8E24ED3ECE01}.Debug|Any CPU.Build.0 = Debug|Any CPU
		{F7873B6D-7C37-4165-B474-8E24ED3ECE01}.Release|Any CPU.ActiveCfg = Release|Any CPU
		{F7873B6D-7C37-4165-B474-8E24ED3ECE01}.Release|Any CPU.Build.0 = Release|Any CPU
		{3C7620A6-BF38-4C2F-BC3D-99B613BC8C13}.Debug|Any CPU.ActiveCfg = Debug|Any CPU
		{3C7620A6-BF38-4C2F-BC3D-99B613BC8C13}.Debug|Any CPU.Build.0 = Debug|Any CPU
		{3C7620A6-BF38-4C2F-BC3D-99B613BC8C13}.Release|Any CPU.ActiveCfg = Release|Any CPU
		{3C7620A6-BF38-4C2F-BC3D-99B613BC8C13}.Release|Any CPU.Build.0 = Release|Any CPU
		{43118597-434F-4EB5-B71B-8AB78EA503EB}.Debug|Any CPU.ActiveCfg = Debug|Any CPU
		{43118597-434F-4EB5-B71B-8AB78EA503EB}.Debug|Any CPU.Build.0 = Debug|Any CPU
		{43118597-434F-4EB5-B71B-8AB78EA503EB}.Release|Any CPU.ActiveCfg = Release|Any CPU
		{43118597-434F-4EB5-B71B-8AB78EA503EB}.Release|Any CPU.Build.0 = Release|Any CPU
		{F565CB9F-986F-42BC-9955-F0FE6A6C2BFB}.Debug|Any CPU.ActiveCfg = Debug|Any CPU
		{F565CB9F-986F-42BC-9955-F0FE6A6C2BFB}.Debug|Any CPU.Build.0 = Debug|Any CPU
		{F565CB9F-986F-42BC-9955-F0FE6A6C2BFB}.Release|Any CPU.ActiveCfg = Release|Any CPU
		{F565CB9F-986F-42BC-9955-F0FE6A6C2BFB}.Release|Any CPU.Build.0 = Release|Any CPU
		{82CC0A9C-BB9D-4E10-96DF-19D37E1F663E}.Debug|Any CPU.ActiveCfg = Debug|Any CPU
		{82CC0A9C-BB9D-4E10-96DF-19D37E1F663E}.Debug|Any CPU.Build.0 = Debug|Any CPU
		{82CC0A9C-BB9D-4E10-96DF-19D37E1F663E}.Release|Any CPU.ActiveCfg = Release|Any CPU
		{82CC0A9C-BB9D-4E10-96DF-19D37E1F663E}.Release|Any CPU.Build.0 = Release|Any CPU
		{544B1138-C819-41CA-AE16-545D7601F4F6}.Debug|Any CPU.ActiveCfg = Debug|Any CPU
		{544B1138-C819-41CA-AE16-545D7601F4F6}.Debug|Any CPU.Build.0 = Debug|Any CPU
		{544B1138-C819-41CA-AE16-545D7601F4F6}.Release|Any CPU.ActiveCfg = Release|Any CPU
		{544B1138-C819-41CA-AE16-545D7601F4F6}.Release|Any CPU.Build.0 = Release|Any CPU
		{396118BC-6BEB-4F22-9BF0-5DC0A958D61E}.Debug|Any CPU.ActiveCfg = Debug|Any CPU
		{396118BC-6BEB-4F22-9BF0-5DC0A958D61E}.Debug|Any CPU.Build.0 = Debug|Any CPU
		{396118BC-6BEB-4F22-9BF0-5DC0A958D61E}.Release|Any CPU.ActiveCfg = Release|Any CPU
		{396118BC-6BEB-4F22-9BF0-5DC0A958D61E}.Release|Any CPU.Build.0 = Release|Any CPU
		{C6DC2FFD-7169-432C-81F3-83362E9F0874}.Debug|Any CPU.ActiveCfg = Debug|Any CPU
		{C6DC2FFD-7169-432C-81F3-83362E9F0874}.Debug|Any CPU.Build.0 = Debug|Any CPU
		{C6DC2FFD-7169-432C-81F3-83362E9F0874}.Release|Any CPU.ActiveCfg = Release|Any CPU
		{C6DC2FFD-7169-432C-81F3-83362E9F0874}.Release|Any CPU.Build.0 = Release|Any CPU
		{22CDC347-2341-4DDB-B4A3-8C669610ACB6}.Debug|Any CPU.ActiveCfg = Debug|Any CPU
		{22CDC347-2341-4DDB-B4A3-8C669610ACB6}.Debug|Any CPU.Build.0 = Debug|Any CPU
		{22CDC347-2341-4DDB-B4A3-8C669610ACB6}.Release|Any CPU.ActiveCfg = Release|Any CPU
		{22CDC347-2341-4DDB-B4A3-8C669610ACB6}.Release|Any CPU.Build.0 = Release|Any CPU
	EndGlobalSection
	GlobalSection(SolutionProperties) = preSolution
		HideSolutionNode = FALSE
	EndGlobalSection
	GlobalSection(ExtensibilityGlobals) = postSolution
		SolutionGuid = {4CE6A15C-463F-4F9D-85C8-C26E853A5AA4}
	EndGlobalSection
EndGlobal
